
Microsoft Visual Studio Solution File, Format Version 12.00
# Visual Studio Version 16
VisualStudioVersion = 16.0.33027.164
MinimumVisualStudioVersion = 10.0.40219.1
Project("{FAE04EC0-301F-11D3-BF4B-00C04F79EFBC}") = "MyCoreApp", "MyCoreApp\MyCoreApp.csproj", "{FE000E8F-42E3-4314-BD6F-BD510A5849FF}"
EndProject
Global
	GlobalSection(SolutionConfigurationPlatforms) = preSolution
		Debug|Any CPU = Debug|Any CPU
		Release|Any CPU = Release|Any CPU
	EndGlobalSection
	GlobalSection(ProjectConfigurationPlatforms) = postSolution
		{FE000E8F-42E3-4314-BD6F-BD510A5849FF}.Debug|Any CPU.ActiveCfg = Debug|Any CPU
		{FE000E8F-42E3-4314-BD6F-BD510A5849FF}.Debug|Any CPU.Build.0 = Debug|Any CPU
		{FE000E8F-42E3-4314-BD6F-BD510A5849FF}.Release|Any CPU.ActiveCfg = Release|Any CPU
		{FE000E8F-42E3-4314-BD6F-BD510A5849FF}.Release|Any CPU.Build.0 = Release|Any CPU
	EndGlobalSection
	GlobalSection(SolutionProperties) = preSolution
		HideSolutionNode = FALSE
	EndGlobalSection
	GlobalSection(ExtensibilityGlobals) = postSolution
		SolutionGuid = {33860AA2-0D6D-48AC-9E45-91F9D7722742}
	EndGlobalSection
EndGlobal
