
Microsoft Visual Studio Solution File, Format Version 12.00
# Visual Studio Version 16
VisualStudioVersion = 16.0.32901.82
MinimumVisualStudioVersion = 10.0.40219.1
Project("{FAE04EC0-301F-11D3-BF4B-00C04F79EFBC}") = "WebApplication1", "WebApplication1\WebApplication1.csproj", "{487D8B4A-5C8B-453B-B54E-26A3739435F5}"
EndProject
Project("{2150E333-8FDC-42A3-9474-1A3956D46DE8}") = "wwwroot", "wwwroot", "{DFE61464-64BB-475B-8996-D5E8CB75D170}"
	ProjectSection(SolutionItems) = preProject
		index.html = index.html
	EndProjectSection
EndProject
Project("{2150E333-8FDC-42A3-9474-1A3956D46DE8}") = "js", "js", "{FB78E624-C8F1-402A-8878-7D89AD7BCF9F}"
EndProject
Project("{2150E333-8FDC-42A3-9474-1A3956D46DE8}") = "img", "img", "{6EF69026-36A1-4555-A206-67E8BE05F428}"
EndProject
Project("{2150E333-8FDC-42A3-9474-1A3956D46DE8}") = "css", "css", "{B130D5CD-F86E-4E90-82DA-D09200FF8E46}"
EndProject
Global
	GlobalSection(SolutionConfigurationPlatforms) = preSolution
		Debug|Any CPU = Debug|Any CPU
		Release|Any CPU = Release|Any CPU
	EndGlobalSection
	GlobalSection(ProjectConfigurationPlatforms) = postSolution
		{487D8B4A-5C8B-453B-B54E-26A3739435F5}.Debug|Any CPU.ActiveCfg = Debug|Any CPU
		{487D8B4A-5C8B-453B-B54E-26A3739435F5}.Debug|Any CPU.Build.0 = Debug|Any CPU
		{487D8B4A-5C8B-453B-B54E-26A3739435F5}.Release|Any CPU.ActiveCfg = Release|Any CPU
		{487D8B4A-5C8B-453B-B54E-26A3739435F5}.Release|Any CPU.Build.0 = Release|Any CPU
	EndGlobalSection
	GlobalSection(SolutionProperties) = preSolution
		HideSolutionNode = FALSE
	EndGlobalSection
	GlobalSection(NestedProjects) = preSolution
		{FB78E624-C8F1-402A-8878-7D89AD7BCF9F} = {DFE61464-64BB-475B-8996-D5E8CB75D170}
		{6EF69026-36A1-4555-A206-67E8BE05F428} = {DFE61464-64BB-475B-8996-D5E8CB75D170}
		{B130D5CD-F86E-4E90-82DA-D09200FF8E46} = {DFE61464-64BB-475B-8996-D5E8CB75D170}
	EndGlobalSection
	GlobalSection(ExtensibilityGlobals) = postSolution
		SolutionGuid = {4706DF55-FE0D-491E-B2F5-9689046008F7}
	EndGlobalSection
EndGlobal
