
Microsoft Visual Studio Solution File, Format Version 12.00
# Visual Studio Version 16
VisualStudioVersion = 16.0.33529.622
MinimumVisualStudioVersion = 10.0.40219.1
Project("{9A19103F-16F7-4668-BE54-9A1E7A4F7556}") = "FriendsSystem", "FriendsSystem\FriendsSystem.csproj", "{35C55397-EC33-4BFD-B050-BD08D5F36D89}"
EndProject
Project("{2150E333-8FDC-42A3-9474-1A3956D46DE8}") = "wwwroot", "wwwroot", "{F2DDF125-5996-4309-99CA-7D46AB46980C}"
	ProjectSection(SolutionItems) = preProject
		index.html = index.html
	EndProjectSection
EndProject
Project("{2150E333-8FDC-42A3-9474-1A3956D46DE8}") = "img", "img", "{E5398E02-5863-407F-AA8A-452A00D13BA7}"
	ProjectSection(SolutionItems) = preProject
		..\..\Users\skill\OneDrive - University of Plymouth\Pictures\Saved Pictures\dark background.jpg = ..\..\Users\skill\OneDrive - University of Plymouth\Pictures\Saved Pictures\dark background.jpg
	EndProjectSection
EndProject
Project("{2150E333-8FDC-42A3-9474-1A3956D46DE8}") = "css", "css", "{A3106436-2846-4EF7-961D-A09F351395B9}"
EndProject
Project("{2150E333-8FDC-42A3-9474-1A3956D46DE8}") = "js", "js", "{2E19C4A4-711E-44CD-B8C7-96040247FFB6}"
EndProject
Global
	GlobalSection(SolutionConfigurationPlatforms) = preSolution
		Debug|Any CPU = Debug|Any CPU
		Release|Any CPU = Release|Any CPU
	EndGlobalSection
	GlobalSection(ProjectConfigurationPlatforms) = postSolution
		{35C55397-EC33-4BFD-B050-BD08D5F36D89}.Debug|Any CPU.ActiveCfg = Debug|Any CPU
		{35C55397-EC33-4BFD-B050-BD08D5F36D89}.Debug|Any CPU.Build.0 = Debug|Any CPU
		{35C55397-EC33-4BFD-B050-BD08D5F36D89}.Release|Any CPU.ActiveCfg = Release|Any CPU
		{35C55397-EC33-4BFD-B050-BD08D5F36D89}.Release|Any CPU.Build.0 = Release|Any CPU
	EndGlobalSection
	GlobalSection(SolutionProperties) = preSolution
		HideSolutionNode = FALSE
	EndGlobalSection
	GlobalSection(NestedProjects) = preSolution
		{E5398E02-5863-407F-AA8A-452A00D13BA7} = {F2DDF125-5996-4309-99CA-7D46AB46980C}
		{A3106436-2846-4EF7-961D-A09F351395B9} = {F2DDF125-5996-4309-99CA-7D46AB46980C}
		{2E19C4A4-711E-44CD-B8C7-96040247FFB6} = {F2DDF125-5996-4309-99CA-7D46AB46980C}
	EndGlobalSection
	GlobalSection(ExtensibilityGlobals) = postSolution
		SolutionGuid = {00CD51B4-272B-49EB-86A8-7CC9E9F46331}
	EndGlobalSection
EndGlobal
