
Microsoft Visual Studio Solution File, Format Version 12.00
# Visual Studio Version 16
VisualStudioVersion = 16.0.33529.622
MinimumVisualStudioVersion = 10.0.40219.1
Project("{FAE04EC0-301F-11D3-BF4B-00C04F79EFBC}") = "WebFriendsSystem", "WebFriendsSystem\WebFriendsSystem.csproj", "{C6B5D183-91BE-4BB9-A6B5-88A774AAE96E}"
EndProject
Global
	GlobalSection(SolutionConfigurationPlatforms) = preSolution
		Debug|Any CPU = Debug|Any CPU
		Release|Any CPU = Release|Any CPU
	EndGlobalSection
	GlobalSection(ProjectConfigurationPlatforms) = postSolution
		{C6B5D183-91BE-4BB9-A6B5-88A774AAE96E}.Debug|Any CPU.ActiveCfg = Debug|Any CPU
		{C6B5D183-91BE-4BB9-A6B5-88A774AAE96E}.Debug|Any CPU.Build.0 = Debug|Any CPU
		{C6B5D183-91BE-4BB9-A6B5-88A774AAE96E}.Release|Any CPU.ActiveCfg = Release|Any CPU
		{C6B5D183-91BE-4BB9-A6B5-88A774AAE96E}.Release|Any CPU.Build.0 = Release|Any CPU
	EndGlobalSection
	GlobalSection(SolutionProperties) = preSolution
		HideSolutionNode = FALSE
	EndGlobalSection
	GlobalSection(ExtensibilityGlobals) = postSolution
		SolutionGuid = {4D0B9FF6-595A-455E-B355-979B93790D01}
	EndGlobalSection
EndGlobal
